Microsoft Visual Studio Solution File, Format Version 12.00
# Visual Studio 2012
Project("{FAE04EC0-301F-11D3-BF4B-00C04F79EFBC}") = "FlappyBird rapido C#", "FlappyBird rapido C#.csproj", "{EAB4346A-82E6-4493-AD09-9AC169C09101}"
EndProject
Global
	GlobalSection(SolutionConfigurationPlatforms) = preSolution
	Debug|Any CPU = Debug|Any CPU
	ExportDebug|Any CPU = ExportDebug|Any CPU
	ExportRelease|Any CPU = ExportRelease|Any CPU
	EndGlobalSection
	GlobalSection(ProjectConfigurationPlatforms) = postSolution
		{EAB4346A-82E6-4493-AD09-9AC169C09101}.Debug|Any CPU.ActiveCfg = Debug|Any CPU
		{EAB4346A-82E6-4493-AD09-9AC169C09101}.Debug|Any CPU.Build.0 = Debug|Any CPU
		{EAB4346A-82E6-4493-AD09-9AC169C09101}.ExportDebug|Any CPU.ActiveCfg = ExportDebug|Any CPU
		{EAB4346A-82E6-4493-AD09-9AC169C09101}.ExportDebug|Any CPU.Build.0 = ExportDebug|Any CPU
		{EAB4346A-82E6-4493-AD09-9AC169C09101}.ExportRelease|Any CPU.ActiveCfg = ExportRelease|Any CPU
		{EAB4346A-82E6-4493-AD09-9AC169C09101}.ExportRelease|Any CPU.Build.0 = ExportRelease|Any CPU
	EndGlobalSection
EndGlobal
